// !$*UTF8*$!
{
	archiveVersion = 1;
	classes = {
	};
	objectVersion = 56;
	objects = {

/* Begin PBXBuildFile section */
		386EB3052B8F4CAE00069600 /* SecondView.swift in Sources */ = {isa = PBXBuildFile; fileRef = 386EB3042B8F4CAE00069600 /* SecondView.swift */; };
		386EB3072B8F4D5800069600 /* PowerView.swift in Sources */ = {isa = PBXBuildFile; fileRef = 386EB3062B8F4D5800069600 /* PowerView.swift */; };
		386EB30A2B8F4EA600069600 /* InfoView.swift in Sources */ = {isa = PBXBuildFile; fileRef = 386EB3092B8F4EA600069600 /* InfoView.swift */; };
		386EB30C2B8F4EFB00069600 /* MyHomeView.swift in Sources */ = {isa = PBXBuildFile; fileRef = 386EB30B2B8F4EFB00069600 /* MyHomeView.swift */; };
		386EB30E2B8F4FB500069600 /* Energy.swift in Sources */ = {isa = PBXBuildFile; fileRef = 386EB30D2B8F4FB500069600 /* Energy.swift */; };
		386EB3102B8F4FD000069600 /* Grid.swift in Sources */ = {isa = PBXBuildFile; fileRef = 386EB30F2B8F4FD000069600 /* Grid.swift */; };
		386EB3122B8F4FF700069600 /* GridElement.swift in Sources */ = {isa = PBXBuildFile; fileRef = 386EB3112B8F4FF700069600 /* GridElement.swift */; };
		386EB32A2B8F52F500069600 /* Poppins-ExtraBoldItalic.ttf in Resources */ = {isa = PBXBuildFile; fileRef = 386EB3162B8F52F200069600 /* Poppins-ExtraBoldItalic.ttf */; };
		386EB32B2B8F52F500069600 /* Poppins-Thin.ttf in Resources */ = {isa = PBXBuildFile; fileRef = 386EB3172B8F52F200069600 /* Poppins-Thin.ttf */; };
		386EB32C2B8F52F500069600 /* Poppins-ThinItalic.ttf in Resources */ = {isa = PBXBuildFile; fileRef = 386EB3182B8F52F200069600 /* Poppins-ThinItalic.ttf */; };
		386EB32D2B8F52F500069600 /* Poppins-Medium.ttf in Resources */ = {isa = PBXBuildFile; fileRef = 386EB3192B8F52F300069600 /* Poppins-Medium.ttf */; };
		386EB32E2B8F52F500069600 /* Info.plist in Resources */ = {isa = PBXBuildFile; fileRef = 386EB31A2B8F52F300069600 /* Info.plist */; };
		386EB32F2B8F52F500069600 /* Poppins-Bold.ttf in Resources */ = {isa = PBXBuildFile; fileRef = 386EB31B2B8F52F300069600 /* Poppins-Bold.ttf */; };
		386EB3302B8F52F500069600 /* Poppins-ExtraBold.ttf in Resources */ = {isa = PBXBuildFile; fileRef = 386EB31C2B8F52F300069600 /* Poppins-ExtraBold.ttf */; };
		386EB3312B8F52F500069600 /* Poppins-ExtraLight.ttf in Resources */ = {isa = PBXBuildFile; fileRef = 386EB31D2B8F52F300069600 /* Poppins-ExtraLight.ttf */; };
		386EB3322B8F52F500069600 /* Poppins-Italic.ttf in Resources */ = {isa = PBXBuildFile; fileRef = 386EB31E2B8F52F300069600 /* Poppins-Italic.ttf */; };
		386EB3332B8F52F500069600 /* OFL.txt in Resources */ = {isa = PBXBuildFile; fileRef = 386EB31F2B8F52F400069600 /* OFL.txt */; };
		386EB3342B8F52F500069600 /* Poppins-Regular.ttf in Resources */ = {isa = PBXBuildFile; fileRef = 386EB3202B8F52F400069600 /* Poppins-Regular.ttf */; };
		386EB3352B8F52F500069600 /* Poppins-BlackItalic.ttf in Resources */ = {isa = PBXBuildFile; fileRef = 386EB3212B8F52F400069600 /* Poppins-BlackItalic.ttf */; };
		386EB3362B8F52F500069600 /* Poppins-BoldItalic.ttf in Resources */ = {isa = PBXBuildFile; fileRef = 386EB3222B8F52F400069600 /* Poppins-BoldItalic.ttf */; };
		386EB3372B8F52F500069600 /* Poppins-ExtraLightItalic.ttf in Resources */ = {isa = PBXBuildFile; fileRef = 386EB3232B8F52F400069600 /* Poppins-ExtraLightItalic.ttf */; };
		386EB3382B8F52F500069600 /* Poppins-LightItalic.ttf in Resources */ = {isa = PBXBuildFile; fileRef = 386EB3242B8F52F400069600 /* Poppins-LightItalic.ttf */; };
		386EB3392B8F52F500069600 /* Poppins-SemiBold.ttf in Resources */ = {isa = PBXBuildFile; fileRef = 386EB3252B8F52F400069600 /* Poppins-SemiBold.ttf */; };
		386EB33A2B8F52F500069600 /* Poppins-MediumItalic.ttf in Resources */ = {isa = PBXBuildFile; fileRef = 386EB3262B8F52F500069600 /* Poppins-MediumItalic.ttf */; };
		386EB33B2B8F52F500069600 /* Poppins-SemiBoldItalic.ttf in Resources */ = {isa = PBXBuildFile; fileRef = 386EB3272B8F52F500069600 /* Poppins-SemiBoldItalic.ttf */; };
		386EB33C2B8F52F500069600 /* Poppins-Light.ttf in Resources */ = {isa = PBXBuildFile; fileRef = 386EB3282B8F52F500069600 /* Poppins-Light.ttf */; };
		386EB33D2B8F52F500069600 /* Poppins-Black.ttf in Resources */ = {isa = PBXBuildFile; fileRef = 386EB3292B8F52F500069600 /* Poppins-Black.ttf */; };
		9B0FA2B52B8E844C004F15E0 /* SmartHome_ApplicationApp.swift in Sources */ = {isa = PBXBuildFile; fileRef = 9B0FA2B42B8E844C004F15E0 /* SmartHome_ApplicationApp.swift */; };
		9B0FA2B72B8E844C004F15E0 /* ContentView.swift in Sources */ = {isa = PBXBuildFile; fileRef = 9B0FA2B62B8E844C004F15E0 /* ContentView.swift */; };
		9B0FA2B92B8E8454004F15E0 /* Assets.xcassets in Resources */ = {isa = PBXBuildFile; fileRef = 9B0FA2B82B8E8454004F15E0 /* Assets.xcassets */; };
		9B0FA2BC2B8E8454004F15E0 /* Preview Assets.xcassets in Resources */ = {isa = PBXBuildFile; fileRef = 9B0FA2BB2B8E8454004F15E0 /* Preview Assets.xcassets */; };
		9B0FA2C62B8E8455004F15E0 /* SmartHome_ApplicationTests.swift in Sources */ = {isa = PBXBuildFile; fileRef = 9B0FA2C52B8E8455004F15E0 /* SmartHome_ApplicationTests.swift */; };
		9B0FA2D02B8E8455004F15E0 /* SmartHome_ApplicationUITests.swift in Sources */ = {isa = PBXBuildFile; fileRef = 9B0FA2CF2B8E8455004F15E0 /* SmartHome_ApplicationUITests.swift */; };
		9B0FA2D22B8E8455004F15E0 /* SmartHome_ApplicationUITestsLaunchTests.swift in Sources */ = {isa = PBXBuildFile; fileRef = 9B0FA2D12B8E8455004F15E0 /* SmartHome_ApplicationUITestsLaunchTests.swift */; };
		9B0FA2E62B8EA244004F15E0 /* SmartHomeApp.swift in Sources */ = {isa = PBXBuildFile; fileRef = 9B0FA2E52B8EA244004F15E0 /* SmartHomeApp.swift */; };
		9B0FA2E92B8EA68B004F15E0 /* SwiftUIView.swift in Sources */ = {isa = PBXBuildFile; fileRef = 9B0FA2E82B8EA68B004F15E0 /* SwiftUIView.swift */; };
		9B0FA2EB2B8EA75B004F15E0 /* TemperatureView.swift in Sources */ = {isa = PBXBuildFile; fileRef = 9B0FA2EA2B8EA75B004F15E0 /* TemperatureView.swift */; };
		9B0FA2EF2B8EA880004F15E0 /* Tabbar.swift in Sources */ = {isa = PBXBuildFile; fileRef = 9B0FA2EE2B8EA880004F15E0 /* Tabbar.swift */; };
		9B0FA2F12B8EAA11004F15E0 /* background.swift in Sources */ = {isa = PBXBuildFile; fileRef = 9B0FA2F02B8EAA11004F15E0 /* background.swift */; };
		9B0FA2F32B8EAACB004F15E0 /* Rectangle.swift in Sources */ = {isa = PBXBuildFile; fileRef = 9B0FA2F22B8EAACB004F15E0 /* Rectangle.swift */; };
		9B0FA2F52B8EAB55004F15E0 /* otpecatok.swift in Sources */ = {isa = PBXBuildFile; fileRef = 9B0FA2F42B8EAB54004F15E0 /* otpecatok.swift */; };
		9B0FA2F72B8EABD2004F15E0 /* CircleNeumo.swift in Sources */ = {isa = PBXBuildFile; fileRef = 9B0FA2F62B8EABD2004F15E0 /* CircleNeumo.swift */; };
		9B0FA2F92B8EAC55004F15E0 /* HomeView.swift in Sources */ = {isa = PBXBuildFile; fileRef = 9B0FA2F82B8EAC55004F15E0 /* HomeView.swift */; };
		9B0FA3012B8F48F9004F15E0 /* MainView.swift in Sources */ = {isa = PBXBuildFile; fileRef = 9B0FA3002B8F48F9004F15E0 /* MainView.swift */; };
/* End PBXBuildFile section */

/* Begin PBXContainerItemProxy section */
		9B0FA2C22B8E8455004F15E0 /* PBXContainerItemProxy */ = {
			isa = PBXContainerItemProxy;
			containerPortal = 9B0FA2A92B8E844B004F15E0 /* Project object */;
			proxyType = 1;
			remoteGlobalIDString = 9B0FA2B02B8E844C004F15E0;
			remoteInfo = "SmartHome-Application";
		};
		9B0FA2CC2B8E8455004F15E0 /* PBXContainerItemProxy */ = {
			isa = PBXContainerItemProxy;
			containerPortal = 9B0FA2A92B8E844B004F15E0 /* Project object */;
			proxyType = 1;
			remoteGlobalIDString = 9B0FA2B02B8E844C004F15E0;
			remoteInfo = "SmartHome-Application";
		};
/* End PBXContainerItemProxy section */

/* Begin PBXFileReference section */
		386EB3042B8F4CAE00069600 /* SecondView.swift */ = {isa = PBXFileReference; lastKnownFileType = sourcecode.swift; path = SecondView.swift; sourceTree = "<group>"; };
		386EB3062B8F4D5800069600 /* PowerView.swift */ = {isa = PBXFileReference; lastKnownFileType = sourcecode.swift; path = PowerView.swift; sourceTree = "<group>"; };
		386EB3092B8F4EA600069600 /* InfoView.swift */ = {isa = PBXFileReference; lastKnownFileType = sourcecode.swift; path = InfoView.swift; sourceTree = "<group>"; };
		386EB30B2B8F4EFB00069600 /* MyHomeView.swift */ = {isa = PBXFileReference; lastKnownFileType = sourcecode.swift; path = MyHomeView.swift; sourceTree = "<group>"; };
		386EB30D2B8F4FB500069600 /* Energy.swift */ = {isa = PBXFileReference; lastKnownFileType = sourcecode.swift; path = Energy.swift; sourceTree = "<group>"; };
		386EB30F2B8F4FD000069600 /* Grid.swift */ = {isa = PBXFileReference; lastKnownFileType = sourcecode.swift; path = Grid.swift; sourceTree = "<group>"; };
		386EB3112B8F4FF700069600 /* GridElement.swift */ = {isa = PBXFileReference; lastKnownFileType = sourcecode.swift; path = GridElement.swift; sourceTree = "<group>"; };
		386EB3162B8F52F200069600 /* Poppins-ExtraBoldItalic.ttf */ = {isa = PBXFileReference; lastKnownFileType = file; name = "Poppins-ExtraBoldItalic.ttf"; path = "../../../SmartHome-APPLICATION/SmartHome/Fonts/Poppins-ExtraBoldItalic.ttf"; sourceTree = "<group>"; };
		386EB3172B8F52F200069600 /* Poppins-Thin.ttf */ = {isa = PBXFileReference; lastKnownFileType = file; name = "Poppins-Thin.ttf"; path = "../../../SmartHome-APPLICATION/SmartHome/Fonts/Poppins-Thin.ttf"; sourceTree = "<group>"; };
		386EB3182B8F52F200069600 /* Poppins-ThinItalic.ttf */ = {isa = PBXFileReference; lastKnownFileType = file; name = "Poppins-ThinItalic.ttf"; path = "../../../SmartHome-APPLICATION/SmartHome/Fonts/Poppins-ThinItalic.ttf"; sourceTree = "<group>"; };
		386EB3192B8F52F300069600 /* Poppins-Medium.ttf */ = {isa = PBXFileReference; lastKnownFileType = file; name = "Poppins-Medium.ttf"; path = "../../../SmartHome-APPLICATION/SmartHome/Fonts/Poppins-Medium.ttf"; sourceTree = "<group>"; };
		386EB31A2B8F52F300069600 /* Info.plist */ = {isa = PBXFileReference; fileEncoding = 4; lastKnownFileType = text.plist.xml; name = Info.plist; path = "../../../SmartHome-APPLICATION/SmartHome/Fonts/Info.plist"; sourceTree = "<group>"; };
		386EB31B2B8F52F300069600 /* Poppins-Bold.ttf */ = {isa = PBXFileReference; lastKnownFileType = file; name = "Poppins-Bold.ttf"; path = "../../../SmartHome-APPLICATION/SmartHome/Fonts/Poppins-Bold.ttf"; sourceTree = "<group>"; };
		386EB31C2B8F52F300069600 /* Poppins-ExtraBold.ttf */ = {isa = PBXFileReference; lastKnownFileType = file; name = "Poppins-ExtraBold.ttf"; path = "../../../SmartHome-APPLICATION/SmartHome/Fonts/Poppins-ExtraBold.ttf"; sourceTree = "<group>"; };
		386EB31D2B8F52F300069600 /* Poppins-ExtraLight.ttf */ = {isa = PBXFileReference; lastKnownFileType = file; name = "Poppins-ExtraLight.ttf"; path = "../../../SmartHome-APPLICATION/SmartHome/Fonts/Poppins-ExtraLight.ttf"; sourceTree = "<group>"; };
		386EB31E2B8F52F300069600 /* Poppins-Italic.ttf */ = {isa = PBXFileReference; lastKnownFileType = file; name = "Poppins-Italic.ttf"; path = "../../../SmartHome-APPLICATION/SmartHome/Fonts/Poppins-Italic.ttf"; sourceTree = "<group>"; };
		386EB31F2B8F52F400069600 /* OFL.txt */ = {isa = PBXFileReference; fileEncoding = 4; lastKnownFileType = text; name = OFL.txt; path = "../../../SmartHome-APPLICATION/SmartHome/Fonts/OFL.txt"; sourceTree = "<group>"; };
		386EB3202B8F52F400069600 /* Poppins-Regular.ttf */ = {isa = PBXFileReference; lastKnownFileType = file; name = "Poppins-Regular.ttf"; path = "../../../SmartHome-APPLICATION/SmartHome/Fonts/Poppins-Regular.ttf"; sourceTree = "<group>"; };
		386EB3212B8F52F400069600 /* Poppins-BlackItalic.ttf */ = {isa = PBXFileReference; lastKnownFileType = file; name = "Poppins-BlackItalic.ttf"; path = "../../../SmartHome-APPLICATION/SmartHome/Fonts/Poppins-BlackItalic.ttf"; sourceTree = "<group>"; };
		386EB3222B8F52F400069600 /* Poppins-BoldItalic.ttf */ = {isa = PBXFileReference; lastKnownFileType = file; name = "Poppins-BoldItalic.ttf"; path = "../../../SmartHome-APPLICATION/SmartHome/Fonts/Poppins-BoldItalic.ttf"; sourceTree = "<group>"; };
		386EB3232B8F52F400069600 /* Poppins-ExtraLightItalic.ttf */ = {isa = PBXFileReference; lastKnownFileType = file; name = "Poppins-ExtraLightItalic.ttf"; path = "../../../SmartHome-APPLICATION/SmartHome/Fonts/Poppins-ExtraLightItalic.ttf"; sourceTree = "<group>"; };
		386EB3242B8F52F400069600 /* Poppins-LightItalic.ttf */ = {isa = PBXFileReference; lastKnownFileType = file; name = "Poppins-LightItalic.ttf"; path = "../../../SmartHome-APPLICATION/SmartHome/Fonts/Poppins-LightItalic.ttf"; sourceTree = "<group>"; };
		386EB3252B8F52F400069600 /* Poppins-SemiBold.ttf */ = {isa = PBXFileReference; lastKnownFileType = file; name = "Poppins-SemiBold.ttf"; path = "../../../SmartHome-APPLICATION/SmartHome/Fonts/Poppins-SemiBold.ttf"; sourceTree = "<group>"; };
		386EB3262B8F52F500069600 /* Poppins-MediumItalic.ttf */ = {isa = PBXFileReference; lastKnownFileType = file; name = "Poppins-MediumItalic.ttf"; path = "../../../SmartHome-APPLICATION/SmartHome/Fonts/Poppins-MediumItalic.ttf"; sourceTree = "<group>"; };
		386EB3272B8F52F500069600 /* Poppins-SemiBoldItalic.ttf */ = {isa = PBXFileReference; lastKnownFileType = file; name = "Poppins-SemiBoldItalic.ttf"; path = "../../../SmartHome-APPLICATION/SmartHome/Fonts/Poppins-SemiBoldItalic.ttf"; sourceTree = "<group>"; };
		386EB3282B8F52F500069600 /* Poppins-Light.ttf */ = {isa = PBXFileReference; lastKnownFileType = file; name = "Poppins-Light.ttf"; path = "../../../SmartHome-APPLICATION/SmartHome/Fonts/Poppins-Light.ttf"; sourceTree = "<group>"; };
		386EB3292B8F52F500069600 /* Poppins-Black.ttf */ = {isa = PBXFileReference; lastKnownFileType = file; name = "Poppins-Black.ttf"; path = "../../../SmartHome-APPLICATION/SmartHome/Fonts/Poppins-Black.ttf"; sourceTree = "<group>"; };
		9B0FA2B12B8E844C004F15E0 /* SmartHome.app */ = {isa = PBXFileReference; explicitFileType = wrapper.application; includeInIndex = 0; path = SmartHome.app; sourceTree = BUILT_PRODUCTS_DIR; };
		9B0FA2B42B8E844C004F15E0 /* SmartHome_ApplicationApp.swift */ = {isa = PBXFileReference; lastKnownFileType = sourcecode.swift; path = SmartHome_ApplicationApp.swift; sourceTree = "<group>"; };
		9B0FA2B62B8E844C004F15E0 /* ContentView.swift */ = {isa = PBXFileReference; lastKnownFileType = sourcecode.swift; path = ContentView.swift; sourceTree = "<group>"; };
		9B0FA2B82B8E8454004F15E0 /* Assets.xcassets */ = {isa = PBXFileReference; lastKnownFileType = folder.assetcatalog; path = Assets.xcassets; sourceTree = "<group>"; };
		9B0FA2BB2B8E8454004F15E0 /* Preview Assets.xcassets */ = {isa = PBXFileReference; lastKnownFileType = folder.assetcatalog; path = "Preview Assets.xcassets"; sourceTree = "<group>"; };
		9B0FA2C12B8E8455004F15E0 /* SmartHomeTests.xctest */ = {isa = PBXFileReference; explicitFileType = wrapper.cfbundle; includeInIndex = 0; path = SmartHomeTests.xctest; sourceTree = BUILT_PRODUCTS_DIR; };
		9B0FA2C52B8E8455004F15E0 /* SmartHome_ApplicationTests.swift */ = {isa = PBXFileReference; lastKnownFileType = sourcecode.swift; path = SmartHome_ApplicationTests.swift; sourceTree = "<group>"; };
		9B0FA2CB2B8E8455004F15E0 /* SmartHomeUITests.xctest */ = {isa = PBXFileReference; explicitFileType = wrapper.cfbundle; includeInIndex = 0; path = SmartHomeUITests.xctest; sourceTree = BUILT_PRODUCTS_DIR; };
		9B0FA2CF2B8E8455004F15E0 /* SmartHome_ApplicationUITests.swift */ = {isa = PBXFileReference; lastKnownFileType = sourcecode.swift; path = SmartHome_ApplicationUITests.swift; sourceTree = "<group>"; };
		9B0FA2D12B8E8455004F15E0 /* SmartHome_ApplicationUITestsLaunchTests.swift */ = {isa = PBXFileReference; lastKnownFileType = sourcecode.swift; path = SmartHome_ApplicationUITestsLaunchTests.swift; sourceTree = "<group>"; };
		9B0FA2E52B8EA244004F15E0 /* SmartHomeApp.swift */ = {isa = PBXFileReference; lastKnownFileType = sourcecode.swift; path = SmartHomeApp.swift; sourceTree = "<group>"; };
		9B0FA2E82B8EA68B004F15E0 /* SwiftUIView.swift */ = {isa = PBXFileReference; lastKnownFileType = sourcecode.swift; path = SwiftUIView.swift; sourceTree = "<group>"; };
		9B0FA2EA2B8EA75B004F15E0 /* TemperatureView.swift */ = {isa = PBXFileReference; lastKnownFileType = sourcecode.swift; path = TemperatureView.swift; sourceTree = "<group>"; };
		9B0FA2EE2B8EA880004F15E0 /* Tabbar.swift */ = {isa = PBXFileReference; lastKnownFileType = sourcecode.swift; path = Tabbar.swift; sourceTree = "<group>"; };
		9B0FA2F02B8EAA11004F15E0 /* background.swift */ = {isa = PBXFileReference; lastKnownFileType = sourcecode.swift; path = background.swift; sourceTree = "<group>"; };
		9B0FA2F22B8EAACB004F15E0 /* Rectangle.swift */ = {isa = PBXFileReference; lastKnownFileType = sourcecode.swift; path = Rectangle.swift; sourceTree = "<group>"; };
		9B0FA2F42B8EAB54004F15E0 /* otpecatok.swift */ = {isa = PBXFileReference; lastKnownFileType = sourcecode.swift; path = otpecatok.swift; sourceTree = "<group>"; };
		9B0FA2F62B8EABD2004F15E0 /* CircleNeumo.swift */ = {isa = PBXFileReference; lastKnownFileType = sourcecode.swift; path = CircleNeumo.swift; sourceTree = "<group>"; };
		9B0FA2F82B8EAC55004F15E0 /* HomeView.swift */ = {isa = PBXFileReference; lastKnownFileType = sourcecode.swift; path = HomeView.swift; sourceTree = "<group>"; };
		9B0FA3002B8F48F9004F15E0 /* MainView.swift */ = {isa = PBXFileReference; lastKnownFileType = sourcecode.swift; path = MainView.swift; sourceTree = "<group>"; };
/* End PBXFileReference section */

/* Begin PBXFrameworksBuildPhase section */
		9B0FA2AE2B8E844C004F15E0 /* Frameworks */ = {
			isa = PBXFrameworksBuildPhase;
			buildActionMask = 2147483647;
			files = (
			);
			runOnlyForDeploymentPostprocessing = 0;
		};
		9B0FA2BE2B8E8455004F15E0 /* Frameworks */ = {
			isa = PBXFrameworksBuildPhase;
			buildActionMask = 2147483647;
			files = (
			);
			runOnlyForDeploymentPostprocessing = 0;
		};
		9B0FA2C82B8E8455004F15E0 /* Frameworks */ = {
			isa = PBXFrameworksBuildPhase;
			buildActionMask = 2147483647;
			files = (
			);
			runOnlyForDeploymentPostprocessing = 0;
		};
/* End PBXFrameworksBuildPhase section */

/* Begin PBXGroup section */
		386EB3032B8F4C6B00069600 /* SecondView */ = {
			isa = PBXGroup;
			children = (
				386EB3042B8F4CAE00069600 /* SecondView.swift */,
				386EB3062B8F4D5800069600 /* PowerView.swift */,
				386EB3092B8F4EA600069600 /* InfoView.swift */,
				386EB30B2B8F4EFB00069600 /* MyHomeView.swift */,
				386EB30D2B8F4FB500069600 /* Energy.swift */,
				386EB30F2B8F4FD000069600 /* Grid.swift */,
				386EB3112B8F4FF700069600 /* GridElement.swift */,
			);
			path = SecondView;
			sourceTree = "<group>";
		};
		386EB3132B8F518000069600 /* Fonts */ = {
			isa = PBXGroup;
			children = (
				386EB31A2B8F52F300069600 /* Info.plist */,
				386EB31F2B8F52F400069600 /* OFL.txt */,
				386EB3292B8F52F500069600 /* Poppins-Black.ttf */,
				386EB3212B8F52F400069600 /* Poppins-BlackItalic.ttf */,
				386EB31B2B8F52F300069600 /* Poppins-Bold.ttf */,
				386EB3222B8F52F400069600 /* Poppins-BoldItalic.ttf */,
				386EB31C2B8F52F300069600 /* Poppins-ExtraBold.ttf */,
				386EB3162B8F52F200069600 /* Poppins-ExtraBoldItalic.ttf */,
				386EB31D2B8F52F300069600 /* Poppins-ExtraLight.ttf */,
				386EB3232B8F52F400069600 /* Poppins-ExtraLightItalic.ttf */,
				386EB31E2B8F52F300069600 /* Poppins-Italic.ttf */,
				386EB3282B8F52F500069600 /* Poppins-Light.ttf */,
				386EB3242B8F52F400069600 /* Poppins-LightItalic.ttf */,
				386EB3192B8F52F300069600 /* Poppins-Medium.ttf */,
				386EB3262B8F52F500069600 /* Poppins-MediumItalic.ttf */,
				386EB3202B8F52F400069600 /* Poppins-Regular.ttf */,
				386EB3252B8F52F400069600 /* Poppins-SemiBold.ttf */,
				386EB3272B8F52F500069600 /* Poppins-SemiBoldItalic.ttf */,
				386EB3172B8F52F200069600 /* Poppins-Thin.ttf */,
				386EB3182B8F52F200069600 /* Poppins-ThinItalic.ttf */,
			);
			path = Fonts;
			sourceTree = "<group>";
		};
		9B0FA2A82B8E844B004F15E0 = {
			isa = PBXGroup;
			children = (
				9B0FA2E52B8EA244004F15E0 /* SmartHomeApp.swift */,
				9B0FA2B32B8E844C004F15E0 /* SmartHome */,
				9B0FA2C42B8E8455004F15E0 /* SmartHome-ApplicationTests */,
				9B0FA2CE2B8E8455004F15E0 /* SmartHome-ApplicationUITests */,
				9B0FA2B22B8E844C004F15E0 /* Products */,
			);
			sourceTree = "<group>";
		};
		9B0FA2B22B8E844C004F15E0 /* Products */ = {
			isa = PBXGroup;
			children = (
				9B0FA2B12B8E844C004F15E0 /* SmartHome.app */,
				9B0FA2C12B8E8455004F15E0 /* SmartHomeTests.xctest */,
				9B0FA2CB2B8E8455004F15E0 /* SmartHomeUITests.xctest */,
			);
			name = Products;
			sourceTree = "<group>";
		};
		9B0FA2B32B8E844C004F15E0 /* SmartHome */ = {
			isa = PBXGroup;
			children = (
				386EB3132B8F518000069600 /* Fonts */,
				9B0FA2FA2B8EAD85004F15E0 /* Core */,
				9B0FA2B42B8E844C004F15E0 /* SmartHome_ApplicationApp.swift */,
				9B0FA2B62B8E844C004F15E0 /* ContentView.swift */,
				9B0FA2B82B8E8454004F15E0 /* Assets.xcassets */,
				9B0FA2BA2B8E8454004F15E0 /* Preview Content */,
			);
			path = SmartHome;
			sourceTree = "<group>";
		};
		9B0FA2BA2B8E8454004F15E0 /* Preview Content */ = {
			isa = PBXGroup;
			children = (
				9B0FA2BB2B8E8454004F15E0 /* Preview Assets.xcassets */,
			);
			path = "Preview Content";
			sourceTree = "<group>";
		};
		9B0FA2C42B8E8455004F15E0 /* SmartHome-ApplicationTests */ = {
			isa = PBXGroup;
			children = (
				9B0FA2C52B8E8455004F15E0 /* SmartHome_ApplicationTests.swift */,
			);
			path = "SmartHome-ApplicationTests";
			sourceTree = "<group>";
		};
		9B0FA2CE2B8E8455004F15E0 /* SmartHome-ApplicationUITests */ = {
			isa = PBXGroup;
			children = (
				9B0FA2CF2B8E8455004F15E0 /* SmartHome_ApplicationUITests.swift */,
				9B0FA2D12B8E8455004F15E0 /* SmartHome_ApplicationUITestsLaunchTests.swift */,
			);
			path = "SmartHome-ApplicationUITests";
			sourceTree = "<group>";
		};
		9B0FA2E72B8EA602004F15E0 /* HomeView */ = {
			isa = PBXGroup;
			children = (
				9B0FA2EE2B8EA880004F15E0 /* Tabbar.swift */,
				9B0FA2F02B8EAA11004F15E0 /* background.swift */,
				9B0FA2F22B8EAACB004F15E0 /* Rectangle.swift */,
				9B0FA2F42B8EAB54004F15E0 /* otpecatok.swift */,
				9B0FA2F82B8EAC55004F15E0 /* HomeView.swift */,
				9B0FA2F62B8EABD2004F15E0 /* CircleNeumo.swift */,
				9B0FA2EA2B8EA75B004F15E0 /* TemperatureView.swift */,
				9B0FA2E82B8EA68B004F15E0 /* SwiftUIView.swift */,
			);
			path = HomeView;
			sourceTree = "<group>";
		};
		9B0FA2FA2B8EAD85004F15E0 /* Core */ = {
			isa = PBXGroup;
			children = (
				386EB3032B8F4C6B00069600 /* SecondView */,
				9B0FA2FF2B8F48B8004F15E0 /* MainView */,
				9B0FA2E72B8EA602004F15E0 /* HomeView */,
			);
			path = Core;
			sourceTree = "<group>";
		};
		9B0FA2FF2B8F48B8004F15E0 /* MainView */ = {
			isa = PBXGroup;
			children = (
				9B0FA3002B8F48F9004F15E0 /* MainView.swift */,
			);
			path = MainView;
			sourceTree = "<group>";
		};
/* End PBXGroup section */

/* Begin PBXNativeTarget section */
		9B0FA2B02B8E844C004F15E0 /* SmartHome */ = {
			isa = PBXNativeTarget;
			buildConfigurationList = 9B0FA2D52B8E8455004F15E0 /* Build configuration list for PBXNativeTarget "SmartHome" */;
			buildPhases = (
				9B0FA2AD2B8E844C004F15E0 /* Sources */,
				9B0FA2AE2B8E844C004F15E0 /* Frameworks */,
				9B0FA2AF2B8E844C004F15E0 /* Resources */,
			);
			buildRules = (
			);
			dependencies = (
			);
			name = SmartHome;
			productName = "SmartHome-Application";
			productReference = 9B0FA2B12B8E844C004F15E0 /* SmartHome.app */;
			productType = "com.apple.product-type.application";
		};
		9B0FA2C02B8E8455004F15E0 /* SmartHomeTests */ = {
			isa = PBXNativeTarget;
			buildConfigurationList = 9B0FA2D82B8E8455004F15E0 /* Build configuration list for PBXNativeTarget "SmartHomeTests" */;
			buildPhases = (
				9B0FA2BD2B8E8455004F15E0 /* Sources */,
				9B0FA2BE2B8E8455004F15E0 /* Frameworks */,
				9B0FA2BF2B8E8455004F15E0 /* Resources */,
			);
			buildRules = (
			);
			dependencies = (
				9B0FA2C32B8E8455004F15E0 /* PBXTargetDependency */,
			);
			name = SmartHomeTests;
			productName = "SmartHome-ApplicationTests";
			productReference = 9B0FA2C12B8E8455004F15E0 /* SmartHomeTests.xctest */;
			productType = "com.apple.product-type.bundle.unit-test";
		};
		9B0FA2CA2B8E8455004F15E0 /* SmartHomeUITests */ = {
			isa = PBXNativeTarget;
			buildConfigurationList = 9B0FA2DB2B8E8455004F15E0 /* Build configuration list for PBXNativeTarget "SmartHomeUITests" */;
			buildPhases = (
				9B0FA2C72B8E8455004F15E0 /* Sources */,
				9B0FA2C82B8E8455004F15E0 /* Frameworks */,
				9B0FA2C92B8E8455004F15E0 /* Resources */,
			);
			buildRules = (
			);
			dependencies = (
				9B0FA2CD2B8E8455004F15E0 /* PBXTargetDependency */,
			);
			name = SmartHomeUITests;
			productName = "SmartHome-ApplicationUITests";
			productReference = 9B0FA2CB2B8E8455004F15E0 /* SmartHomeUITests.xctest */;
			productType = "com.apple.product-type.bundle.ui-testing";
		};
/* End PBXNativeTarget section */

/* Begin PBXProject section */
		9B0FA2A92B8E844B004F15E0 /* Project object */ = {
			isa = PBXProject;
			attributes = {
				BuildIndependentTargetsInParallel = 1;
				LastSwiftUpdateCheck = 1400;
				LastUpgradeCheck = 1400;
				TargetAttributes = {
					9B0FA2B02B8E844C004F15E0 = {
						CreatedOnToolsVersion = 14.0;
					};
					9B0FA2C02B8E8455004F15E0 = {
						CreatedOnToolsVersion = 14.0;
						TestTargetID = 9B0FA2B02B8E844C004F15E0;
					};
					9B0FA2CA2B8E8455004F15E0 = {
						CreatedOnToolsVersion = 14.0;
						TestTargetID = 9B0FA2B02B8E844C004F15E0;
					};
				};
			};
			buildConfigurationList = 9B0FA2AC2B8E844B004F15E0 /* Build configuration list for PBXProject "SmartHome" */;
			compatibilityVersion = "Xcode 14.0";
			developmentRegion = en;
			hasScannedForEncodings = 0;
			knownRegions = (
				en,
				Base,
			);
			mainGroup = 9B0FA2A82B8E844B004F15E0;
			productRefGroup = 9B0FA2B22B8E844C004F15E0 /* Products */;
			projectDirPath = "";
			projectRoot = "";
			targets = (
				9B0FA2B02B8E844C004F15E0 /* SmartHome */,
				9B0FA2C02B8E8455004F15E0 /* SmartHomeTests */,
				9B0FA2CA2B8E8455004F15E0 /* SmartHomeUITests */,
			);
		};
/* End PBXProject section */

/* Begin PBXResourcesBuildPhase section */
		9B0FA2AF2B8E844C004F15E0 /* Resources */ = {
			isa = PBXResourcesBuildPhase;
			buildActionMask = 2147483647;
			files = (
				386EB3382B8F52F500069600 /* Poppins-LightItalic.ttf in Resources */,
				386EB3372B8F52F500069600 /* Poppins-ExtraLightItalic.ttf in Resources */,
				386EB3312B8F52F500069600 /* Poppins-ExtraLight.ttf in Resources */,
				386EB32A2B8F52F500069600 /* Poppins-ExtraBoldItalic.ttf in Resources */,
				386EB33A2B8F52F500069600 /* Poppins-MediumItalic.ttf in Resources */,
				386EB33B2B8F52F500069600 /* Poppins-SemiBoldItalic.ttf in Resources */,
				386EB3342B8F52F500069600 /* Poppins-Regular.ttf in Resources */,
				386EB33C2B8F52F500069600 /* Poppins-Light.ttf in Resources */,
				386EB33D2B8F52F500069600 /* Poppins-Black.ttf in Resources */,
				386EB3302B8F52F500069600 /* Poppins-ExtraBold.ttf in Resources */,
				386EB32B2B8F52F500069600 /* Poppins-Thin.ttf in Resources */,
				386EB32C2B8F52F500069600 /* Poppins-ThinItalic.ttf in Resources */,
				386EB32F2B8F52F500069600 /* Poppins-Bold.ttf in Resources */,
				386EB3332B8F52F500069600 /* OFL.txt in Resources */,
				386EB3352B8F52F500069600 /* Poppins-BlackItalic.ttf in Resources */,
				386EB3362B8F52F500069600 /* Poppins-BoldItalic.ttf in Resources */,
				386EB32D2B8F52F500069600 /* Poppins-Medium.ttf in Resources */,
				386EB3322B8F52F500069600 /* Poppins-Italic.ttf in Resources */,
				9B0FA2BC2B8E8454004F15E0 /* Preview Assets.xcassets in Resources */,
				386EB3392B8F52F500069600 /* Poppins-SemiBold.ttf in Resources */,
				9B0FA2B92B8E8454004F15E0 /* Assets.xcassets in Resources */,
				386EB32E2B8F52F500069600 /* Info.plist in Resources */,
			);
			runOnlyForDeploymentPostprocessing = 0;
		};
		9B0FA2BF2B8E8455004F15E0 /* Resources */ = {
			isa = PBXResourcesBuildPhase;
			buildActionMask = 2147483647;
			files = (
			);
			runOnlyForDeploymentPostprocessing = 0;
		};
		9B0FA2C92B8E8455004F15E0 /* Resources */ = {
			isa = PBXResourcesBuildPhase;
			buildActionMask = 2147483647;
			files = (
			);
			runOnlyForDeploymentPostprocessing = 0;
		};
/* End PBXResourcesBuildPhase section */

/* Begin PBXSourcesBuildPhase section */
		9B0FA2AD2B8E844C004F15E0 /* Sources */ = {
			isa = PBXSourcesBuildPhase;
			buildActionMask = 2147483647;
			files = (
				9B0FA2F52B8EAB55004F15E0 /* otpecatok.swift in Sources */,
				9B0FA3012B8F48F9004F15E0 /* MainView.swift in Sources */,
				9B0FA2EB2B8EA75B004F15E0 /* TemperatureView.swift in Sources */,
				9B0FA2B72B8E844C004F15E0 /* ContentView.swift in Sources */,
				386EB3072B8F4D5800069600 /* PowerView.swift in Sources */,
				386EB30C2B8F4EFB00069600 /* MyHomeView.swift in Sources */,
				9B0FA2E62B8EA244004F15E0 /* SmartHomeApp.swift in Sources */,
				9B0FA2F72B8EABD2004F15E0 /* CircleNeumo.swift in Sources */,
				9B0FA2F92B8EAC55004F15E0 /* HomeView.swift in Sources */,
				9B0FA2EF2B8EA880004F15E0 /* Tabbar.swift in Sources */,
				386EB30E2B8F4FB500069600 /* Energy.swift in Sources */,
				9B0FA2E92B8EA68B004F15E0 /* SwiftUIView.swift in Sources */,
				386EB3122B8F4FF700069600 /* GridElement.swift in Sources */,
				9B0FA2F12B8EAA11004F15E0 /* background.swift in Sources */,
				386EB3052B8F4CAE00069600 /* SecondView.swift in Sources */,
				9B0FA2B52B8E844C004F15E0 /* SmartHome_ApplicationApp.swift in Sources */,
				386EB30A2B8F4EA600069600 /* InfoView.swift in Sources */,
				9B0FA2F32B8EAACB004F15E0 /* Rectangle.swift in Sources */,
				386EB3102B8F4FD000069600 /* Grid.swift in Sources */,
			);
			runOnlyForDeploymentPostprocessing = 0;
		};
		9B0FA2BD2B8E8455004F15E0 /* Sources */ = {
			isa = PBXSourcesBuildPhase;
			buildActionMask = 2147483647;
			files = (
				9B0FA2C62B8E8455004F15E0 /* SmartHome_ApplicationTests.swift in Sources */,
			);
			runOnlyForDeploymentPostprocessing = 0;
		};
		9B0FA2C72B8E8455004F15E0 /* Sources */ = {
			isa = PBXSourcesBuildPhase;
			buildActionMask = 2147483647;
			files = (
				9B0FA2D22B8E8455004F15E0 /* SmartHome_ApplicationUITestsLaunchTests.swift in Sources */,
				9B0FA2D02B8E8455004F15E0 /* SmartHome_ApplicationUITests.swift in Sources */,
			);
			runOnlyForDeploymentPostprocessing = 0;
		};
/* End PBXSourcesBuildPhase section */

/* Begin PBXTargetDependency section */
		9B0FA2C32B8E8455004F15E0 /* PBXTargetDependency */ = {
			isa = PBXTargetDependency;
			target = 9B0FA2B02B8E844C004F15E0 /* SmartHome */;
			targetProxy = 9B0FA2C22B8E8455004F15E0 /* PBXContainerItemProxy */;
		};
		9B0FA2CD2B8E8455004F15E0 /* PBXTargetDependency */ = {
			isa = PBXTargetDependency;
			target = 9B0FA2B02B8E844C004F15E0 /* SmartHome */;
			targetProxy = 9B0FA2CC2B8E8455004F15E0 /* PBXContainerItemProxy */;
		};
/* End PBXTargetDependency section */

/* Begin XCBuildConfiguration section */
		9B0FA2D32B8E8455004F15E0 /* Debug */ = {
			isa = XCBuildConfiguration;
			buildSettings = {
				ALWAYS_SEARCH_USER_PATHS = NO;
				CLANG_ANALYZER_NONNULL = YES;
				CLANG_ANALYZER_NUMBER_OBJECT_CONVERSION = YES_AGGRESSIVE;
				CLANG_CXX_LANGUAGE_STANDARD = "gnu++20";
				CLANG_ENABLE_MODULES = YES;
				CLANG_ENABLE_OBJC_ARC = YES;
				CLANG_ENABLE_OBJC_WEAK = YES;
				CLANG_WARN_BLOCK_CAPTURE_AUTORELEASING = YES;
				CLANG_WARN_BOOL_CONVERSION = YES;
				CLANG_WARN_COMMA = YES;
				CLANG_WARN_CONSTANT_CONVERSION = YES;
				CLANG_WARN_DEPRECATED_OBJC_IMPLEMENTATIONS = YES;
				CLANG_WARN_DIRECT_OBJC_ISA_USAGE = YES_ERROR;
				CLANG_WARN_DOCUMENTATION_COMMENTS = YES;
				CLANG_WARN_EMPTY_BODY = YES;
				CLANG_WARN_ENUM_CONVERSION = YES;
				CLANG_WARN_INFINITE_RECURSION = YES;
				CLANG_WARN_INT_CONVERSION = YES;
				CLANG_WARN_NON_LITERAL_NULL_CONVERSION = YES;
				CLANG_WARN_OBJC_IMPLICIT_RETAIN_SELF = YES;
				CLANG_WARN_OBJC_LITERAL_CONVERSION = YES;
				CLANG_WARN_OBJC_ROOT_CLASS = YES_ERROR;
				CLANG_WARN_QUOTED_INCLUDE_IN_FRAMEWORK_HEADER = YES;
				CLANG_WARN_RANGE_LOOP_ANALYSIS = YES;
				CLANG_WARN_STRICT_PROTOTYPES = YES;
				CLANG_WARN_SUSPICIOUS_MOVE = YES;
				CLANG_WARN_UNGUARDED_AVAILABILITY = YES_AGGRESSIVE;
				CLANG_WARN_UNREACHABLE_CODE = YES;
				CLANG_WARN__DUPLICATE_METHOD_MATCH = YES;
				COPY_PHASE_STRIP = NO;
				DEBUG_INFORMATION_FORMAT = dwarf;
				ENABLE_STRICT_OBJC_MSGSEND = YES;
				ENABLE_TESTABILITY = YES;
				GCC_C_LANGUAGE_STANDARD = gnu11;
				GCC_DYNAMIC_NO_PIC = NO;
				GCC_NO_COMMON_BLOCKS = YES;
				GCC_OPTIMIZATION_LEVEL = 0;
				GCC_PREPROCESSOR_DEFINITIONS = (
					"DEBUG=1",
					"$(inherited)",
				);
				GCC_WARN_64_TO_32_BIT_CONVERSION = YES;
				GCC_WARN_ABOUT_RETURN_TYPE = YES_ERROR;
				GCC_WARN_UNDECLARED_SELECTOR = YES;
				GCC_WARN_UNINITIALIZED_AUTOS = YES_AGGRESSIVE;
				GCC_WARN_UNUSED_FUNCTION = YES;
				GCC_WARN_UNUSED_VARIABLE = YES;
				IPHONEOS_DEPLOYMENT_TARGET = 16.0;
				MTL_ENABLE_DEBUG_INFO = INCLUDE_SOURCE;
				MTL_FAST_MATH = YES;
				ONLY_ACTIVE_ARCH = YES;
				SDKROOT = iphoneos;
				SWIFT_ACTIVE_COMPILATION_CONDITIONS = DEBUG;
				SWIFT_OPTIMIZATION_LEVEL = "-Onone";
			};
			name = Debug;
		};
		9B0FA2D42B8E8455004F15E0 /* Release */ = {
			isa = XCBuildConfiguration;
			buildSettings = {
				ALWAYS_SEARCH_USER_PATHS = NO;
				CLANG_ANALYZER_NONNULL = YES;
				CLANG_ANALYZER_NUMBER_OBJECT_CONVERSION = YES_AGGRESSIVE;
				CLANG_CXX_LANGUAGE_STANDARD = "gnu++20";
				CLANG_ENABLE_MODULES = YES;
				CLANG_ENABLE_OBJC_ARC = YES;
				CLANG_ENABLE_OBJC_WEAK = YES;
				CLANG_WARN_BLOCK_CAPTURE_AUTORELEASING = YES;
				CLANG_WARN_BOOL_CONVERSION = YES;
				CLANG_WARN_COMMA = YES;
				CLANG_WARN_CONSTANT_CONVERSION = YES;
				CLANG_WARN_DEPRECATED_OBJC_IMPLEMENTATIONS = YES;
				CLANG_WARN_DIRECT_OBJC_ISA_USAGE = YES_ERROR;
				CLANG_WARN_DOCUMENTATION_COMMENTS = YES;
				CLANG_WARN_EMPTY_BODY = YES;
				CLANG_WARN_ENUM_CONVERSION = YES;
				CLANG_WARN_INFINITE_RECURSION = YES;
				CLANG_WARN_INT_CONVERSION = YES;
				CLANG_WARN_NON_LITERAL_NULL_CONVERSION = YES;
				CLANG_WARN_OBJC_IMPLICIT_RETAIN_SELF = YES;
				CLANG_WARN_OBJC_LITERAL_CONVERSION = YES;
				CLANG_WARN_OBJC_ROOT_CLASS = YES_ERROR;
				CLANG_WARN_QUOTED_INCLUDE_IN_FRAMEWORK_HEADER = YES;
				CLANG_WARN_RANGE_LOOP_ANALYSIS = YES;
				CLANG_WARN_STRICT_PROTOTYPES = YES;
				CLANG_WARN_SUSPICIOUS_MOVE = YES;
				CLANG_WARN_UNGUARDED_AVAILABILITY = YES_AGGRESSIVE;
				CLANG_WARN_UNREACHABLE_CODE = YES;
				CLANG_WARN__DUPLICATE_METHOD_MATCH = YES;
				COPY_PHASE_STRIP = NO;
				DEBUG_INFORMATION_FORMAT = "dwarf-with-dsym";
				ENABLE_NS_ASSERTIONS = NO;
				ENABLE_STRICT_OBJC_MSGSEND = YES;
				GCC_C_LANGUAGE_STANDARD = gnu11;
				GCC_NO_COMMON_BLOCKS = YES;
				GCC_WARN_64_TO_32_BIT_CONVERSION = YES;
				GCC_WARN_ABOUT_RETURN_TYPE = YES_ERROR;
				GCC_WARN_UNDECLARED_SELECTOR = YES;
				GCC_WARN_UNINITIALIZED_AUTOS = YES_AGGRESSIVE;
				GCC_WARN_UNUSED_FUNCTION = YES;
				GCC_WARN_UNUSED_VARIABLE = YES;
				IPHONEOS_DEPLOYMENT_TARGET = 16.0;
				MTL_ENABLE_DEBUG_INFO = NO;
				MTL_FAST_MATH = YES;
				SDKROOT = iphoneos;
				SWIFT_COMPILATION_MODE = wholemodule;
				SWIFT_OPTIMIZATION_LEVEL = "-O";
				VALIDATE_PRODUCT = YES;
			};
			name = Release;
		};
		9B0FA2D62B8E8455004F15E0 /* Debug */ = {
			isa = XCBuildConfiguration;
			buildSettings = {
				ASSETCATALOG_COMPILER_APPICON_NAME = AppIcon;
				ASSETCATALOG_COMPILER_GLOBAL_ACCENT_COLOR_NAME = AccentColor;
				CODE_SIGN_STYLE = Automatic;
				CURRENT_PROJECT_VERSION = 1;
				DEVELOPMENT_ASSET_PATHS = "\"SmartHome-Application/Preview Content\"";
				ENABLE_PREVIEWS = YES;
				GENERATE_INFOPLIST_FILE = YES;
				INFOPLIST_KEY_UIApplicationSceneManifest_Generation = YES;
				INFOPLIST_KEY_UIApplicationSupportsIndirectInputEvents = YES;
				INFOPLIST_KEY_UILaunchScreen_Generation = YES;
				INFOPLIST_KEY_UISupportedInterfaceOrientations_iPad = "UIInterfaceOrientationPortrait UIInterfaceOrientationPortraitUpsideDown UIInterfaceOrientationLandscapeLeft UIInterfaceOrientationLandscapeRight";
				INFOPLIST_KEY_UISupportedInterfaceOrientations_iPhone = "UIInterfaceOrientationPortrait UIInterfaceOrientationLandscapeLeft UIInterfaceOrientationLandscapeRight";
				LD_RUNPATH_SEARCH_PATHS = (
					"$(inherited)",
					"@executable_path/Frameworks",
				);
				MARKETING_VERSION = 1.0;
				PRODUCT_BUNDLE_IDENTIFIER = "DD.SmartHome-Application";
				PRODUCT_NAME = "$(TARGET_NAME)";
				SWIFT_EMIT_LOC_STRINGS = YES;
				SWIFT_VERSION = 5.0;
				TARGETED_DEVICE_FAMILY = "1,2";
			};
			name = Debug;
		};
		9B0FA2D72B8E8455004F15E0 /* Release */ = {
			isa = XCBuildConfiguration;
			buildSettings = {
				ASSETCATALOG_COMPILER_APPICON_NAME = AppIcon;
				ASSETCATALOG_COMPILER_GLOBAL_ACCENT_COLOR_NAME = AccentColor;
				CODE_SIGN_STYLE = Automatic;
				CURRENT_PROJECT_VERSION = 1;
				DEVELOPMENT_ASSET_PATHS = "\"SmartHome-Application/Preview Content\"";
				ENABLE_PREVIEWS = YES;
				GENERATE_INFOPLIST_FILE = YES;
				INFOPLIST_KEY_UIApplicationSceneManifest_Generation = YES;
				INFOPLIST_KEY_UIApplicationSupportsIndirectInputEvents = YES;
				INFOPLIST_KEY_UILaunchScreen_Generation = YES;
				INFOPLIST_KEY_UISupportedInterfaceOrientations_iPad = "UIInterfaceOrientationPortrait UIInterfaceOrientationPortraitUpsideDown UIInterfaceOrientationLandscapeLeft UIInterfaceOrientationLandscapeRight";
				INFOPLIST_KEY_UISupportedInterfaceOrientations_iPhone = "UIInterfaceOrientationPortrait UIInterfaceOrientationLandscapeLeft UIInterfaceOrientationLandscapeRight";
				LD_RUNPATH_SEARCH_PATHS = (
					"$(inherited)",
					"@executable_path/Frameworks",
				);
				MARKETING_VERSION = 1.0;
				PRODUCT_BUNDLE_IDENTIFIER = "DD.SmartHome-Application";
				PRODUCT_NAME = "$(TARGET_NAME)";
				SWIFT_EMIT_LOC_STRINGS = YES;
				SWIFT_VERSION = 5.0;
				TARGETED_DEVICE_FAMILY = "1,2";
			};
			name = Release;
		};
		9B0FA2D92B8E8455004F15E0 /* Debug */ = {
			isa = XCBuildConfiguration;
			buildSettings = {
				ALWAYS_EMBED_SWIFT_STANDARD_LIBRARIES = YES;
				BUNDLE_LOADER = "$(TEST_HOST)";
				CODE_SIGN_STYLE = Automatic;
				CURRENT_PROJECT_VERSION = 1;
				GENERATE_INFOPLIST_FILE = YES;
				IPHONEOS_DEPLOYMENT_TARGET = 16.0;
				MARKETING_VERSION = 1.0;
				PRODUCT_BUNDLE_IDENTIFIER = "DD.SmartHome-ApplicationTests";
				PRODUCT_NAME = "$(TARGET_NAME)";
				SWIFT_EMIT_LOC_STRINGS = NO;
				SWIFT_VERSION = 5.0;
				TARGETED_DEVICE_FAMILY = "1,2";
				TEST_HOST = "$(BUILT_PRODUCTS_DIR)/SmartHome.app/$(BUNDLE_EXECUTABLE_FOLDER_PATH)/SmartHome";
			};
			name = Debug;
		};
		9B0FA2DA2B8E8455004F15E0 /* Release */ = {
			isa = XCBuildConfiguration;
			buildSettings = {
				ALWAYS_EMBED_SWIFT_STANDARD_LIBRARIES = YES;
				BUNDLE_LOADER = "$(TEST_HOST)";
				CODE_SIGN_STYLE = Automatic;
				CURRENT_PROJECT_VERSION = 1;
				GENERATE_INFOPLIST_FILE = YES;
				IPHONEOS_DEPLOYMENT_TARGET = 16.0;
				MARKETING_VERSION = 1.0;
				PRODUCT_BUNDLE_IDENTIFIER = "DD.SmartHome-ApplicationTests";
				PRODUCT_NAME = "$(TARGET_NAME)";
				SWIFT_EMIT_LOC_STRINGS = NO;
				SWIFT_VERSION = 5.0;
				TARGETED_DEVICE_FAMILY = "1,2";
				TEST_HOST = "$(BUILT_PRODUCTS_DIR)/SmartHome.app/$(BUNDLE_EXECUTABLE_FOLDER_PATH)/SmartHome";
			};
			name = Release;
		};
		9B0FA2DC2B8E8455004F15E0 /* Debug */ = {
			isa = XCBuildConfiguration;
			buildSettings = {
				ALWAYS_EMBED_SWIFT_STANDARD_LIBRARIES = YES;
				CODE_SIGN_STYLE = Automatic;
				CURRENT_PROJECT_VERSION = 1;
				GENERATE_INFOPLIST_FILE = YES;
				MARKETING_VERSION = 1.0;
				PRODUCT_BUNDLE_IDENTIFIER = "DD.SmartHome-ApplicationUITests";
				PRODUCT_NAME = "$(TARGET_NAME)";
				SWIFT_EMIT_LOC_STRINGS = NO;
				SWIFT_VERSION = 5.0;
				TARGETED_DEVICE_FAMILY = "1,2";
				TEST_TARGET_NAME = "SmartHome-Application";
			};
			name = Debug;
		};
		9B0FA2DD2B8E8455004F15E0 /* Release */ = {
			isa = XCBuildConfiguration;
			buildSettings = {
				ALWAYS_EMBED_SWIFT_STANDARD_LIBRARIES = YES;
				CODE_SIGN_STYLE = Automatic;
				CURRENT_PROJECT_VERSION = 1;
				GENERATE_INFOPLIST_FILE = YES;
				MARKETING_VERSION = 1.0;
				PRODUCT_BUNDLE_IDENTIFIER = "DD.SmartHome-ApplicationUITests";
				PRODUCT_NAME = "$(TARGET_NAME)";
				SWIFT_EMIT_LOC_STRINGS = NO;
				SWIFT_VERSION = 5.0;
				TARGETED_DEVICE_FAMILY = "1,2";
				TEST_TARGET_NAME = "SmartHome-Application";
			};
			name = Release;
		};
/* End XCBuildConfiguration section */

/* Begin XCConfigurationList section */
		9B0FA2AC2B8E844B004F15E0 /* Build configuration list for PBXProject "SmartHome" */ = {
			isa = XCConfigurationList;
			buildConfigurations = (
				9B0FA2D32B8E8455004F15E0 /* Debug */,
				9B0FA2D42B8E8455004F15E0 /* Release */,
			);
			defaultConfigurationIsVisible = 0;
			defaultConfigurationName = Release;
		};
		9B0FA2D52B8E8455004F15E0 /* Build configuration list for PBXNativeTarget "SmartHome" */ = {
			isa = XCConfigurationList;
			buildConfigurations = (
				9B0FA2D62B8E8455004F15E0 /* Debug */,
				9B0FA2D72B8E8455004F15E0 /* Release */,
			);
			defaultConfigurationIsVisible = 0;
			defaultConfigurationName = Release;
		};
		9B0FA2D82B8E8455004F15E0 /* Build configuration list for PBXNativeTarget "SmartHomeTests" */ = {
			isa = XCConfigurationList;
			buildConfigurations = (
				9B0FA2D92B8E8455004F15E0 /* Debug */,
				9B0FA2DA2B8E8455004F15E0 /* Release */,
			);
			defaultConfigurationIsVisible = 0;
			defaultConfigurationName = Release;
		};
		9B0FA2DB2B8E8455004F15E0 /* Build configuration list for PBXNativeTarget "SmartHomeUITests" */ = {
			isa = XCConfigurationList;
			buildConfigurations = (
				9B0FA2DC2B8E8455004F15E0 /* Debug */,
				9B0FA2DD2B8E8455004F15E0 /* Release */,
			);
			defaultConfigurationIsVisible = 0;
			defaultConfigurationName = Release;
		};
/* End XCConfigurationList section */
	};
	rootObject = 9B0FA2A92B8E844B004F15E0 /* Project object */;
}
